// !$*UTF8*$!
{
	archiveVersion = 1;
	classes = {
	};
	objectVersion = 46;
	objects = {

/* Begin PBXBuildFile section */
		D3060A0F1EF0DE920098A884 /* AppDelegate.swift in Sources */ = {isa = PBXBuildFile; fileRef = D3060A0E1EF0DE920098A884 /* AppDelegate.swift */; };
		D3060A111EF0DE920098A884 /* ViewController.swift in Sources */ = {isa = PBXBuildFile; fileRef = D3060A101EF0DE920098A884 /* ViewController.swift */; };
		D3060A141EF0DE920098A884 /* Main.storyboard in Resources */ = {isa = PBXBuildFile; fileRef = D3060A121EF0DE920098A884 /* Main.storyboard */; };
		D3060A161EF0DE920098A884 /* Assets.xcassets in Resources */ = {isa = PBXBuildFile; fileRef = D3060A151EF0DE920098A884 /* Assets.xcassets */; };
		D3060A191EF0DE920098A884 /* LaunchScreen.storyboard in Resources */ = {isa = PBXBuildFile; fileRef = D3060A171EF0DE920098A884 /* LaunchScreen.storyboard */; };
		D3FCA9731EF387EA008B1B42 /* Brick.swift in Sources */ = {isa = PBXBuildFile; fileRef = D3FCA9721EF387EA008B1B42 /* Brick.swift */; };
/* End PBXBuildFile section */

/* Begin PBXFileReference section */
		D3060A0B1EF0DE920098A884 /* breakBall.app */ = {isa = PBXFileReference; explicitFileType = wrapper.application; includeInIndex = 0; path = breakBall.app; sourceTree = BUILT_PRODUCTS_DIR; };
		D3060A0E1EF0DE920098A884 /* AppDelegate.swift */ = {isa = PBXFileReference; lastKnownFileType = sourcecode.swift; path = AppDelegate.swift; sourceTree = "<group>"; };
		D3060A101EF0DE920098A884 /* ViewController.swift */ = {isa = PBXFileReference; lastKnownFileType = sourcecode.swift; path = ViewController.swift; sourceTree = "<group>"; };
		D3060A131EF0DE920098A884 /* Base */ = {isa = PBXFileReference; lastKnownFileType = file.storyboard; name = Base; path = Base.lproj/Main.storyboard; sourceTree = "<group>"; };
		D3060A151EF0DE920098A884 /* Assets.xcassets */ = {isa = PBXFileReference; lastKnownFileType = folder.assetcatalog; path = Assets.xcassets; sourceTree = "<group>"; };
		D3060A181EF0DE920098A884 /* Base */ = {isa = PBXFileReference; lastKnownFileType = file.storyboard; name = Base; path = Base.lproj/LaunchScreen.storyboard; sourceTree = "<group>"; };
		D3060A1A1EF0DE920098A884 /* Info.plist */ = {isa = PBXFileReference; lastKnownFileType = text.plist.xml; path = Info.plist; sourceTree = "<group>"; };
		D3FCA9721EF387EA008B1B42 /* Brick.swift */ = {isa = PBXFileReference; fileEncoding = 4; lastKnownFileType = sourcecode.swift; path = Brick.swift; sourceTree = "<group>"; };
/* End PBXFileReference section */

/* Begin PBXFrameworksBuildPhase section */
		D3060A081EF0DE920098A884 /* Frameworks */ = {
			isa = PBXFrameworksBuildPhase;
			buildActionMask = 2147483647;
			files = (
			);
			runOnlyForDeploymentPostprocessing = 0;
		};
/* End PBXFrameworksBuildPhase section */

/* Begin PBXGroup section */
		D3060A021EF0DE920098A884 = {
			isa = PBXGroup;
			children = (
				D3060A0D1EF0DE920098A884 /* breakBall */,
				D3060A0C1EF0DE920098A884 /* Products */,
			);
			sourceTree = "<group>";
		};
		D3060A0C1EF0DE920098A884 /* Products */ = {
			isa = PBXGroup;
			children = (
				D3060A0B1EF0DE920098A884 /* breakBall.app */,
			);
			name = Products;
			sourceTree = "<group>";
		};
		D3060A0D1EF0DE920098A884 /* breakBall */ = {
			isa = PBXGroup;
			children = (
				D3060A0E1EF0DE920098A884 /* AppDelegate.swift */,
				D3060A101EF0DE920098A884 /* ViewController.swift */,
				D3FCA9721EF387EA008B1B42 /* Brick.swift */,
				D3060A121EF0DE920098A884 /* Main.storyboard */,
				D3060A151EF0DE920098A884 /* Assets.xcassets */,
				D3060A171EF0DE920098A884 /* LaunchScreen.storyboard */,
				D3060A1A1EF0DE920098A884 /* Info.plist */,
			);
			path = breakBall;
			sourceTree = "<group>";
		};
/* End PBXGroup section */

/* Begin PBXNativeTarget section */
		D3060A0A1EF0DE920098A884 /* breakBall */ = {
			isa = PBXNativeTarget;
			buildConfigurationList = D3060A1D1EF0DE920098A884 /* Build configuration list for PBXNativeTarget "breakBall" */;
			buildPhases = (
				D3060A071EF0DE920098A884 /* Sources */,
				D3060A081EF0DE920098A884 /* Frameworks */,
				D3060A091EF0DE920098A884 /* Resources */,
			);
			buildRules = (
			);
			dependencies = (
			);
			name = breakBall;
			productName = breakBall;
			productReference = D3060A0B1EF0DE920098A884 /* breakBall.app */;
			productType = "com.apple.product-type.application";
		};
/* End PBXNativeTarget section */

/* Begin PBXProject section */
		D3060A031EF0DE920098A884 /* Project object */ = {
			isa = PBXProject;
			attributes = {
				LastSwiftUpdateCheck = 0830;
				LastUpgradeCheck = 0830;
				ORGANIZATIONNAME = "duyphương";
				TargetAttributes = {
					D3060A0A1EF0DE920098A884 = {
						CreatedOnToolsVersion = 8.3.3;
						ProvisioningStyle = Automatic;
					};
				};
			};
			buildConfigurationList = D3060A061EF0DE920098A884 /* Build configuration list for PBXProject "breakBall" */;
			compatibilityVersion = "Xcode 3.2";
			developmentRegion = English;
			hasScannedForEncodings = 0;
			knownRegions = (
				en,
				Base,
			);
			mainGroup = D3060A021EF0DE920098A884;
			productRefGroup = D3060A0C1EF0DE920098A884 /* Products */;
			projectDirPath = "";
			projectRoot = "";
			targets = (
				D3060A0A1EF0DE920098A884 /* breakBall */,
			);
		};
/* End PBXProject section */

/* Begin PBXResourcesBuildPhase section */
		D3060A091EF0DE920098A884 /* Resources */ = {
			isa = PBXResourcesBuildPhase;
			buildActionMask = 2147483647;
			files = (
				D3060A191EF0DE920098A884 /* LaunchScreen.storyboard in Resources */,
				D3060A161EF0DE920098A884 /* Assets.xcassets in Resources */,
				D3060A141EF0DE920098A884 /* Main.storyboard in Resources */,
			);
			runOnlyForDeploymentPostprocessing = 0;
		};
/* End PBXResourcesBuildPhase section */

/* Begin PBXSourcesBuildPhase section */
		D3060A071EF0DE920098A884 /* Sources */ = {
			isa = PBXSourcesBuildPhase;
			buildActionMask = 2147483647;
			files = (
				D3060A111EF0DE920098A884 /* ViewController.swift in Sources */,
				D3060A0F1EF0DE920098A884 /* AppDelegate.swift in Sources */,
				D3FCA9731EF387EA008B1B42 /* Brick.swift in Sources */,
			);
			runOnlyForDeploymentPostprocessing = 0;
		};
/* End PBXSourcesBuildPhase section */

/* Begin PBXVariantGroup section */
		D3060A121EF0DE920098A884 /* Main.storyboard */ = {
			isa = PBXVariantGroup;
			children = (
				D3060A131EF0DE920098A884 /* Base */,
			);
			name = Main.storyboard;
			sourceTree = "<group>";
		};
		D3060A171EF0DE920098A884 /* LaunchScreen.storyboard */ = {
			isa = PBXVariantGroup;
			children = (
				D3060A181EF0DE920098A884 /* Base */,
			);
			name = LaunchScreen.storyboard;
			sourceTree = "<group>";
		};
/* End PBXVariantGroup section */

/* Begin XCBuildConfiguration section */
		D3060A1B1EF0DE920098A884 /* Debug */ = {
			isa = XCBuildConfiguration;
			buildSettings = {
				ALWAYS_SEARCH_USER_PATHS = NO;
				CLANG_ANALYZER_NONNULL = YES;
				CLANG_ANALYZER_NUMBER_OBJECT_CONVERSION = YES_AGGRESSIVE;
				CLANG_CXX_LANGUAGE_STANDARD = "gnu++0x";
				CLANG_CXX_LIBRARY = "libc++";
				CLANG_ENABLE_MODULES = YES;
				CLANG_ENABLE_OBJC_ARC = YES;
				CLANG_WARN_BOOL_CONVERSION = YES;
				CLANG_WARN_CONSTANT_CONVERSION = YES;
				CLANG_WARN_DIRECT_OBJC_ISA_USAGE = YES_ERROR;
				CLANG_WARN_DOCUMENTATION_COMMENTS = YES;
				CLANG_WARN_EMPTY_BODY = YES;
				CLANG_WARN_ENUM_CONVERSION = YES;
				CLANG_WARN_INFINITE_RECURSION = YES;
				CLANG_WARN_INT_CONVERSION = YES;
				CLANG_WARN_OBJC_ROOT_CLASS = YES_ERROR;
				CLANG_WARN_SUSPICIOUS_MOVE = YES;
				CLANG_WARN_UNREACHABLE_CODE = YES;
				CLANG_WARN__DUPLICATE_METHOD_MATCH = YES;
				"CODE_SIGN_IDENTITY[sdk=iphoneos*]" = "iPhone Developer";
				COPY_PHASE_STRIP = NO;
				DEBUG_INFORMATION_FORMAT = dwarf;
				ENABLE_STRICT_OBJC_MSGSEND = YES;
				ENABLE_TESTABILITY = YES;
				GCC_C_LANGUAGE_STANDARD = gnu99;
				GCC_DYNAMIC_NO_PIC = NO;
				GCC_NO_COMMON_BLOCKS = YES;
				GCC_OPTIMIZATION_LEVEL = 0;
				GCC_PREPROCESSOR_DEFINITIONS = (
					"DEBUG=1",
					"$(inherited)",
				);
				GCC_WARN_64_TO_32_BIT_CONVERSION = YES;
				GCC_WARN_ABOUT_RETURN_TYPE = YES_ERROR;
				GCC_WARN_UNDECLARED_SELECTOR = YES;
				GCC_WARN_UNINITIALIZED_AUTOS = YES_AGGRESSIVE;
				GCC_WARN_UNUSED_FUNCTION = YES;
				GCC_WARN_UNUSED_VARIABLE = YES;
				IPHONEOS_DEPLOYMENT_TARGET = 10.3;
				MTL_ENABLE_DEBUG_INFO = YES;
				ONLY_ACTIVE_ARCH = YES;
				SDKROOT = iphoneos;
				SWIFT_ACTIVE_COMPILATION_CONDITIONS = DEBUG;
				SWIFT_OPTIMIZATION_LEVEL = "-Onone";
				TARGETED_DEVICE_FAMILY = "1,2";
			};
			name = Debug;
		};
		D3060A1C1EF0DE920098A884 /* Release */ = {
			isa = XCBuildConfiguration;
			buildSettings = {
				ALWAYS_SEARCH_USER_PATHS = NO;
				CLANG_ANALYZER_NONNULL = YES;
				CLANG_ANALYZER_NUMBER_OBJECT_CONVERSION = YES_AGGRESSIVE;
				CLANG_CXX_LANGUAGE_STANDARD = "gnu++0x";
				CLANG_CXX_LIBRARY = "libc++";
				CLANG_ENABLE_MODULES = YES;
				CLANG_ENABLE_OBJC_ARC = YES;
				CLANG_WARN_BOOL_CONVERSION = YES;
				CLANG_WARN_CONSTANT_CONVERSION = YES;
				CLANG_WARN_DIRECT_OBJC_ISA_USAGE = YES_ERROR;
				CLANG_WARN_DOCUMENTATION_COMMENTS = YES;
				CLANG_WARN_EMPTY_BODY = YES;
				CLANG_WARN_ENUM_CONVERSION = YES;
				CLANG_WARN_INFINITE_RECURSION = YES;
				CLANG_WARN_INT_CONVERSION = YES;
				CLANG_WARN_OBJC_ROOT_CLASS = YES_ERROR;
				CLANG_WARN_SUSPICIOUS_MOVE = YES;
				CLANG_WARN_UNREACHABLE_CODE = YES;
				CLANG_WARN__DUPLICATE_METHOD_MATCH = YES;
				"CODE_SIGN_IDENTITY[sdk=iphoneos*]" = "iPhone Developer";
				COPY_PHASE_STRIP = NO;
				DEBUG_INFORMATION_FORMAT = "dwarf-with-dsym";
				ENABLE_NS_ASSERTIONS = NO;
				ENABLE_STRICT_OBJC_MSGSEND = YES;
				GCC_C_LANGUAGE_STANDARD = gnu99;
				GCC_NO_COMMON_BLOCKS = YES;
				GCC_WARN_64_TO_32_BIT_CONVERSION = YES;
				GCC_WARN_ABOUT_RETURN_TYPE = YES_ERROR;
				GCC_WARN_UNDECLARED_SELECTOR = YES;
				GCC_WARN_UNINITIALIZED_AUTOS = YES_AGGRESSIVE;
				GCC_WARN_UNUSED_FUNCTION = YES;
				GCC_WARN_UNUSED_VARIABLE = YES;
				IPHONEOS_DEPLOYMENT_TARGET = 10.3;
				MTL_ENABLE_DEBUG_INFO = NO;
				SDKROOT = iphoneos;
				SWIFT_OPTIMIZATION_LEVEL = "-Owholemodule";
				TARGETED_DEVICE_FAMILY = "1,2";
				VALIDATE_PRODUCT = YES;
			};
			name = Release;
		};
		D3060A1E1EF0DE920098A884 /* Debug */ = {
			isa = XCBuildConfiguration;
			buildSettings = {
				ASSETCATALOG_COMPILER_APPICON_NAME = AppIcon;
				INFOPLIST_FILE = breakBall/Info.plist;
				IPHONEOS_DEPLOYMENT_TARGET = 10.0;
				LD_RUNPATH_SEARCH_PATHS = "$(inherited) @executable_path/Frameworks";
				PRODUCT_BUNDLE_IDENTIFIER = com.duyphuong.breakBall;
				PRODUCT_NAME = "$(TARGET_NAME)";
				SWIFT_VERSION = 3.0;
			};
			name = Debug;
		};
		D3060A1F1EF0DE920098A884 /* Release */ = {
			isa = XCBuildConfiguration;
			buildSettings = {
				ASSETCATALOG_COMPILER_APPICON_NAME = AppIcon;
				INFOPLIST_FILE = breakBall/Info.plist;
				IPHONEOS_DEPLOYMENT_TARGET = 10.0;
				LD_RUNPATH_SEARCH_PATHS = "$(inherited) @executable_path/Frameworks";
				PRODUCT_BUNDLE_IDENTIFIER = com.duyphuong.breakBall;
				PRODUCT_NAME = "$(TARGET_NAME)";
				SWIFT_VERSION = 3.0;
			};
			name = Release;
		};
/* End XCBuildConfiguration section */

/* Begin XCConfigurationList section */
		D3060A061EF0DE920098A884 /* Build configuration list for PBXProject "breakBall" */ = {
			isa = XCConfigurationList;
			buildConfigurations = (
				D3060A1B1EF0DE920098A884 /* Debug */,
				D3060A1C1EF0DE920098A884 /* Release */,
			);
			defaultConfigurationIsVisible = 0;
			defaultConfigurationName = Release;
		};
		D3060A1D1EF0DE920098A884 /* Build configuration list for PBXNativeTarget "breakBall" */ = {
			isa = XCConfigurationList;
			buildConfigurations = (
				D3060A1E1EF0DE920098A884 /* Debug */,
				D3060A1F1EF0DE920098A884 /* Release */,
			);
			defaultConfigurationIsVisible = 0;
			defaultConfigurationName = Release;
		};
/* End XCConfigurationList section */
	};
	rootObject = D3060A031EF0DE920098A884 /* Project object */;
}
